Microsoft Visual Studio Solution File, Format Version 9.00
# Visual Studio 2005
Project("{8BC9CEB8-8B4A-11D0-8D11-00A0C91BC942}") = "quatlib", "..\quat\quatlib.vcproj", "{F888E92F-C885-4DC1-9E92-9D783CC6D1E7}"
EndProject
Project("{8BC9CEB8-8B4A-11D0-8D11-00A0C91BC942}") = "vrpn", "vrpn.vcproj", "{DFB294AA-08FF-475D-A385-BD52F2AD9806}"
	ProjectSection(ProjectDependencies) = postProject
		{F888E92F-C885-4DC1-9E92-9D783CC6D1E7} = {F888E92F-C885-4DC1-9E92-9D783CC6D1E7}
	EndProjectSection
EndProject
Project("{8BC9CEB8-8B4A-11D0-8D11-00A0C91BC942}") = "vrpn_server", "server_src\vrpn_server.vcproj", "{0800C874-6414-408F-9899-D9A7789461B6}"
	ProjectSection(ProjectDependencies) = postProject
		{DFB294AA-08FF-475D-A385-BD52F2AD9806} = {DFB294AA-08FF-475D-A385-BD52F2AD9806}
		{F888E92F-C885-4DC1-9E92-9D783CC6D1E7} = {F888E92F-C885-4DC1-9E92-9D783CC6D1E7}
	EndProjectSection
EndProject
Project("{8BC9CEB8-8B4A-11D0-8D11-00A0C91BC942}") = "vrpndll", "vrpndll.vcproj", "{4659A2C2-EA79-46EC-A403-02778B0EA0C4}"
	ProjectSection(ProjectDependencies) = postProject
		{F888E92F-C885-4DC1-9E92-9D783CC6D1E7} = {F888E92F-C885-4DC1-9E92-9D783CC6D1E7}
	EndProjectSection
EndProject
Global
	GlobalSection(SolutionConfigurationPlatforms) = preSolution
		Debug|Win32 = Debug|Win32
		Release|Win32 = Release|Win32
	EndGlobalSection
	GlobalSection(ProjectConfigurationPlatforms) = postSolution
		{F888E92F-C885-4DC1-9E92-9D783CC6D1E7}.Debug|Win32.ActiveCfg = Debug|Win32
		{F888E92F-C885-4DC1-9E92-9D783CC6D1E7}.Debug|Win32.Build.0 = Debug|Win32
		{F888E92F-C885-4DC1-9E92-9D783CC6D1E7}.Release|Win32.ActiveCfg = Release|Win32
		{F888E92F-C885-4DC1-9E92-9D783CC6D1E7}.Release|Win32.Build.0 = Release|Win32
		{DFB294AA-08FF-475D-A385-BD52F2AD9806}.Debug|Win32.ActiveCfg = Debug|Win32
		{DFB294AA-08FF-475D-A385-BD52F2AD9806}.Debug|Win32.Build.0 = Debug|Win32
		{DFB294AA-08FF-475D-A385-BD52F2AD9806}.Release|Win32.ActiveCfg = Release|Win32
		{DFB294AA-08FF-475D-A385-BD52F2AD9806}.Release|Win32.Build.0 = Release|Win32
		{0800C874-6414-408F-9899-D9A7789461B6}.Debug|Win32.ActiveCfg = Debug|Win32
		{0800C874-6414-408F-9899-D9A7789461B6}.Debug|Win32.Build.0 = Debug|Win32
		{0800C874-6414-408F-9899-D9A7789461B6}.Release|Win32.ActiveCfg = Release|Win32
		{0800C874-6414-408F-9899-D9A7789461B6}.Release|Win32.Build.0 = Release|Win32
		{4659A2C2-EA79-46EC-A403-02778B0EA0C4}.Debug|Win32.ActiveCfg = Debug|Win32
		{4659A2C2-EA79-46EC-A403-02778B0EA0C4}.Debug|Win32.Build.0 = Debug|Win32
		{4659A2C2-EA79-46EC-A403-02778B0EA0C4}.Release|Win32.ActiveCfg = Release|Win32
		{4659A2C2-EA79-46EC-A403-02778B0EA0C4}.Release|Win32.Build.0 = Release|Win32
	EndGlobalSection
	GlobalSection(SolutionProperties) = preSolution
		HideSolutionNode = FALSE
	EndGlobalSection
EndGlobal
